{
	"name": "delphinus-zkp",
	"version": "0.0.1",
	"lockfileVersion": 1,
	"requires": true,
	"dependencies": {
		"@types/bn.js": {
			"version": "5.1.0",
			"resolved": "https://registry.npmjs.org/@types/bn.js/-/bn.js-5.1.0.tgz",
			"integrity": "sha512-QSSVYj7pYFN49kW77o2s9xTCwZ8F2xLbjLLSEVh8D2F4JUhZtPAGOFLTD+ffqksBx/u4cE/KImFjyhqCjn/LIA==",
			"dev": true,
			"requires": {
				"@types/node": "*"
			}
		},
		"@types/crypto-js": {
			"version": "4.0.2",
			"resolved": "https://registry.npmjs.org/@types/crypto-js/-/crypto-js-4.0.2.tgz",
			"integrity": "sha512-sCVniU+h3GcGqxOmng11BRvf9TfN9yIs8KKjB8C8d75W69cpTfZG80gau9yTx5SxF3gvHGbJhdESzzvnjtf3Og==",
			"dev": true
		},
		"@types/fs-extra": {
			"version": "9.0.12",
			"resolved": "https://registry.npmjs.org/@types/fs-extra/-/fs-extra-9.0.12.tgz",
			"integrity": "sha512-I+bsBr67CurCGnSenZZ7v94gd3tc3+Aj2taxMT4yu4ABLuOgOjeFxX3dokG24ztSRg5tnT00sL8BszO7gSMoIw==",
			"dev": true,
			"requires": {
				"@types/node": "*"
			}
		},
		"@types/node": {
			"version": "16.9.3",
			"resolved": "https://registry.npmjs.org/@types/node/-/node-16.9.3.tgz",
			"integrity": "sha512-5UmMznRvrwKqisJ458JbNoq3AyXHxlAKMkGtNe143W1SkZ1BVgvCHYBzn7wD66J+smE+BolqA1mes5BeXlWY6w==",
			"dev": true
		},
		"@types/sha256": {
			"version": "0.2.0",
			"resolved": "https://registry.npmjs.org/@types/sha256/-/sha256-0.2.0.tgz",
			"integrity": "sha512-QYMr6HuxTQunFWRLZpGopbkgQFoFWOmKTBGgNSYiWMqU/CWnQSTo3edyHvgsRXsOWtOSOG/cmDptPzgCeOsQGw==",
			"dev": true,
			"requires": {
				"@types/node": "*"
			}
		},
		"bn.js": {
			"version": "5.2.0",
			"resolved": "https://registry.npmjs.org/bn.js/-/bn.js-5.2.0.tgz",
			"integrity": "sha512-D7iWRBvnZE8ecXiLj/9wbxH7Tk79fAh8IHaTNq1RWRixsS02W+5qS+iE9yq6RYl0asXx5tw0bLhmT5pIfbSquw=="
		},
		"convert-hex": {
			"version": "0.1.0",
			"resolved": "https://registry.npmjs.org/convert-hex/-/convert-hex-0.1.0.tgz",
			"integrity": "sha1-CMBFaJIsJ3drii6BqV05M2LqC2U="
		},
		"convert-string": {
			"version": "0.1.0",
			"resolved": "https://registry.npmjs.org/convert-string/-/convert-string-0.1.0.tgz",
			"integrity": "sha1-ec5BqbsNA7z3LNxqjzxW+7xkQQo="
		},
		"crypto-js": {
			"version": "4.1.1",
			"resolved": "https://registry.npmjs.org/crypto-js/-/crypto-js-4.1.1.tgz",
			"integrity": "sha512-o2JlM7ydqd3Qk9CA0L4NL6mTzU2sdx96a+oOfPu8Mkl/PK51vSyoi8/rQ8NknZtk44vq15lmhAj9CIAGwgeWKw=="
		},
		"fs-extra": {
			"version": "10.0.0",
			"resolved": "https://registry.npmjs.org/fs-extra/-/fs-extra-10.0.0.tgz",
			"integrity": "sha512-C5owb14u9eJwizKGdchcDUQeFtlSHHthBk8pbX9Vc1PFZrLombudjDnNns88aYslCyF6IY5SUw3Roz6xShcEIQ==",
			"requires": {
				"graceful-fs": "^4.2.0",
				"jsonfile": "^6.0.1",
				"universalify": "^2.0.0"
			}
		},
		"graceful-fs": {
			"version": "4.2.8",
			"resolved": "https://registry.npmjs.org/graceful-fs/-/graceful-fs-4.2.8.tgz",
			"integrity": "sha512-qkIilPUYcNhJpd33n0GBXTB1MMPp14TxEsEs0pTrsSVucApsYzW5V+Q8Qxhik6KU3evy+qkAAowTByymK0avdg=="
		},
		"jsonfile": {
			"version": "6.1.0",
			"resolved": "https://registry.npmjs.org/jsonfile/-/jsonfile-6.1.0.tgz",
			"integrity": "sha512-5dgndWOriYSm5cnYaJNhalLNDKOqFwyDB/rr1E9ZsGciGvKPs8R2xYGCacuf3z6K1YKDz182fd+fY3cn3pMqXQ==",
			"requires": {
				"graceful-fs": "^4.1.6",
				"universalify": "^2.0.0"
			}
		},
		"sha256": {
			"version": "0.2.0",
			"resolved": "https://registry.npmjs.org/sha256/-/sha256-0.2.0.tgz",
			"integrity": "sha1-c6C0GNqrcDW/+G6EkeNjQS/CqwU=",
			"requires": {
				"convert-hex": "~0.1.0",
				"convert-string": "~0.1.0"
			}
		},
		"typescript": {
			"version": "4.4.3",
			"resolved": "https://registry.npmjs.org/typescript/-/typescript-4.4.3.tgz",
			"integrity": "sha512-4xfscpisVgqqDfPaJo5vkd+Qd/ItkoagnHpufr+i2QCHBsNYp+G7UAoyFl8aPtx879u38wPV65rZ8qbGZijalA==",
			"dev": true
		},
		"universalify": {
			"version": "2.0.0",
			"resolved": "https://registry.npmjs.org/universalify/-/universalify-2.0.0.tgz",
			"integrity": "sha512-hAZsKq7Yy11Zu1DE0OzWjw7nnLZmJZYTDZZyEFHZdUhV8FkH5MCfoU1XMaxXovpyW5nq5scPqq0ZDP9Zyl04oQ=="
		}
	}
}
