{
	"name": "delphinus-zkp",
	"version": "0.0.1",
	"lockfileVersion": 1,
	"requires": true,
	"dependencies": {
		"@types/bn.js": {
			"version": "5.1.0",
			"resolved": "https://registry.npmjs.org/@types/bn.js/-/bn.js-5.1.0.tgz",
			"integrity": "sha512-QSSVYj7pYFN49kW77o2s9xTCwZ8F2xLbjLLSEVh8D2F4JUhZtPAGOFLTD+ffqksBx/u4cE/KImFjyhqCjn/LIA==",
			"dev": true,
			"requires": {
				"@types/node": "*"
			}
		},
		"@types/crypto-js": {
			"version": "4.0.2",
			"resolved": "https://registry.npmjs.org/@types/crypto-js/-/crypto-js-4.0.2.tgz",
			"integrity": "sha512-sCVniU+h3GcGqxOmng11BRvf9TfN9yIs8KKjB8C8d75W69cpTfZG80gau9yTx5SxF3gvHGbJhdESzzvnjtf3Og==",
			"dev": true
		},
		"@types/node": {
			"version": "16.7.10",
			"resolved": "https://registry.npmjs.org/@types/node/-/node-16.7.10.tgz",
			"integrity": "sha512-S63Dlv4zIPb8x6MMTgDq5WWRJQe56iBEY0O3SOFA9JrRienkOVDXSXBjjJw6HTNQYSE2JI6GMCR6LVbIMHJVvA==",
			"dev": true
		},
		"@types/sha256": {
			"version": "0.2.0",
			"resolved": "https://registry.npmjs.org/@types/sha256/-/sha256-0.2.0.tgz",
			"integrity": "sha512-QYMr6HuxTQunFWRLZpGopbkgQFoFWOmKTBGgNSYiWMqU/CWnQSTo3edyHvgsRXsOWtOSOG/cmDptPzgCeOsQGw==",
			"dev": true,
			"requires": {
				"@types/node": "*"
			}
		},
		"bn.js": {
			"version": "5.2.0",
			"resolved": "https://registry.npmjs.org/bn.js/-/bn.js-5.2.0.tgz",
			"integrity": "sha512-D7iWRBvnZE8ecXiLj/9wbxH7Tk79fAh8IHaTNq1RWRixsS02W+5qS+iE9yq6RYl0asXx5tw0bLhmT5pIfbSquw=="
		},
		"convert-hex": {
			"version": "0.1.0",
			"resolved": "https://registry.npmjs.org/convert-hex/-/convert-hex-0.1.0.tgz",
			"integrity": "sha1-CMBFaJIsJ3drii6BqV05M2LqC2U="
		},
		"convert-string": {
			"version": "0.1.0",
			"resolved": "https://registry.npmjs.org/convert-string/-/convert-string-0.1.0.tgz",
			"integrity": "sha1-ec5BqbsNA7z3LNxqjzxW+7xkQQo="
		},
		"crypto-js": {
			"version": "4.1.1",
			"resolved": "https://registry.npmjs.org/crypto-js/-/crypto-js-4.1.1.tgz",
			"integrity": "sha512-o2JlM7ydqd3Qk9CA0L4NL6mTzU2sdx96a+oOfPu8Mkl/PK51vSyoi8/rQ8NknZtk44vq15lmhAj9CIAGwgeWKw=="
		},
		"sha256": {
			"version": "0.2.0",
			"resolved": "https://registry.npmjs.org/sha256/-/sha256-0.2.0.tgz",
			"integrity": "sha1-c6C0GNqrcDW/+G6EkeNjQS/CqwU=",
			"requires": {
				"convert-hex": "~0.1.0",
				"convert-string": "~0.1.0"
			}
		},
		"typescript": {
			"version": "4.4.2",
			"resolved": "https://registry.npmjs.org/typescript/-/typescript-4.4.2.tgz",
			"integrity": "sha512-gzP+t5W4hdy4c+68bfcv0t400HVJMMd2+H9B7gae1nQlBzCqvrXX+6GL/b3GAgyTH966pzrZ70/fRjwAtZksSQ==",
			"dev": true
		}
	}
}
